
Microsoft Visual Studio Solution File, Format Version 12.00
# Visual Studio Version 17
VisualStudioVersion = 17.5.002.0
MinimumVisualStudioVersion = 10.0.40219.1
Project("{9A19103F-16F7-4668-BE54-9A1E7A4F7556}") = "SlotMachine", "SlotMachine.csproj", "{BB763708-E961-482F-AE81-91C3CEEAA741}"
EndProject
Global
	GlobalSection(SolutionConfigurationPlatforms) = preSolution
		Debug|Any CPU = Debug|Any CPU
		Release|Any CPU = Release|Any CPU
	EndGlobalSection
	GlobalSection(ProjectConfigurationPlatforms) = postSolution
		{BB763708-E961-482F-AE81-91C3CEEAA741}.Debug|Any CPU.ActiveCfg = Debug|Any CPU
		{BB763708-E961-482F-AE81-91C3CEEAA741}.Debug|Any CPU.Build.0 = Debug|Any CPU
		{BB763708-E961-482F-AE81-91C3CEEAA741}.Release|Any CPU.ActiveCfg = Release|Any CPU
		{BB763708-E961-482F-AE81-91C3CEEAA741}.Release|Any CPU.Build.0 = Release|Any CPU
	EndGlobalSection
	GlobalSection(SolutionProperties) = preSolution
		HideSolutionNode = FALSE
	EndGlobalSection
	GlobalSection(ExtensibilityGlobals) = postSolution
		SolutionGuid = {F804F424-90D5-401E-BBAB-ADFA57B81417}
	EndGlobalSection
EndGlobal
